// !$*UTF8*$!
{
	archiveVersion = 1;
	classes = {
	};
	objectVersion = 46;
	objects = {

/* Begin PBXBuildFile section */
		695B8C751C4185B4004DA3A4 /* main.swift in Sources */ = {isa = PBXBuildFile; fileRef = 695B8C741C4185B4004DA3A4 /* main.swift */; };
/* End PBXBuildFile section */

/* Begin PBXCopyFilesBuildPhase section */
		695B8C6F1C4185B4004DA3A4 /* CopyFiles */ = {
			isa = PBXCopyFilesBuildPhase;
			buildActionMask = 2147483647;
			dstPath = /usr/share/man/man1/;
			dstSubfolderSpec = 0;
			files = (
			);
			runOnlyForDeploymentPostprocessing = 1;
		};
/* End PBXCopyFilesBuildPhase section */

/* Begin PBXFileReference section */
		695B8C711C4185B4004DA3A4 /* BNR Swift */ = {isa = PBXFileReference; explicitFileType = "compiled.mach-o.executable"; includeInIndex = 0; path = "BNR Swift"; sourceTree = BUILT_PRODUCTS_DIR; };
		695B8C741C4185B4004DA3A4 /* main.swift */ = {isa = PBXFileReference; lastKnownFileType = sourcecode.swift; path = main.swift; sourceTree = "<group>"; };
		695B8C831C4188D5004DA3A4 /* 10. Dictionaries.playground */ = {isa = PBXFileReference; lastKnownFileType = file.playground; name = "10. Dictionaries.playground"; path = "../../10. Dictionaries.playground"; sourceTree = "<group>"; };
		695B8C841C41896B004DA3A4 /* 8. Optionals.playground */ = {isa = PBXFileReference; lastKnownFileType = file.playground; name = "8. Optionals.playground"; path = "../../8. Optionals.playground"; sourceTree = "<group>"; };
		695B8C851C418A08004DA3A4 /* 9. Arrays.playground */ = {isa = PBXFileReference; lastKnownFileType = file.playground; name = "9. Arrays.playground"; path = "../../9. Arrays.playground"; sourceTree = "<group>"; };
		695B8C871C418A7A004DA3A4 /* Integers.playground */ = {isa = PBXFileReference; lastKnownFileType = file.playground; name = Integers.playground; path = ../../Integers.playground; sourceTree = "<group>"; };
		695B8C881C418ACA004DA3A4 /* ATM.playground */ = {isa = PBXFileReference; lastKnownFileType = file.playground; name = ATM.playground; path = ../../ATM.playground; sourceTree = "<group>"; };
		695B8C8C1C4191CA004DA3A4 /* 2. Types, Constants, Variables.playground */ = {isa = PBXFileReference; lastKnownFileType = file.playground; name = "2. Types, Constants, Variables.playground"; path = "../../2. Types, Constants, Variables.playground"; sourceTree = "<group>"; };
		695B8C8D1C4191F8004DA3A4 /* 3. Numbers.playground */ = {isa = PBXFileReference; lastKnownFileType = file.playground; name = "3. Numbers.playground"; path = "../../3. Numbers.playground"; sourceTree = "<group>"; };
		695B8C8E1C419291004DA3A4 /* 4. Conditionals.playground */ = {isa = PBXFileReference; lastKnownFileType = file.playground; name = "4. Conditionals.playground"; path = "../../4. Conditionals.playground"; sourceTree = "<group>"; };
		695B8C8F1C4192B2004DA3A4 /* 5. Switch.playground */ = {isa = PBXFileReference; lastKnownFileType = file.playground; name = "5. Switch.playground"; path = "../../5. Switch.playground"; sourceTree = "<group>"; };
		695B8C901C4192D2004DA3A4 /* 6. Loops.playground */ = {isa = PBXFileReference; lastKnownFileType = file.playground; name = "6. Loops.playground"; path = "../../6. Loops.playground"; sourceTree = "<group>"; };
		695B8C911C4192F5004DA3A4 /* 7. Strings.playground */ = {isa = PBXFileReference; lastKnownFileType = file.playground; name = "7. Strings.playground"; path = "../../7. Strings.playground"; sourceTree = "<group>"; };
		695B8C921C419360004DA3A4 /* 1. Getting Started.playground */ = {isa = PBXFileReference; lastKnownFileType = file.playground; name = "1. Getting Started.playground"; path = "../../1. Getting Started.playground"; sourceTree = "<group>"; };
		695B8C931C419433004DA3A4 /* 12. Functions.playground */ = {isa = PBXFileReference; lastKnownFileType = file.playground; name = "12. Functions.playground"; path = "../../12. Functions.playground"; sourceTree = "<group>"; };
		695B8C941C41944E004DA3A4 /* 13. Closures.playground */ = {isa = PBXFileReference; lastKnownFileType = file.playground; name = "13. Closures.playground"; path = "../../13. Closures.playground"; sourceTree = "<group>"; };
		695B8C951C41946F004DA3A4 /* 14. Enumerations.playground */ = {isa = PBXFileReference; lastKnownFileType = file.playground; name = "14. Enumerations.playground"; path = "../../14. Enumerations.playground"; sourceTree = "<group>"; };
		695B8C961C419496004DA3A4 /* 15. Structs & Classes.playground */ = {isa = PBXFileReference; lastKnownFileType = file.playground; name = "15. Structs & Classes.playground"; path = "../../15. Structs & Classes.playground"; sourceTree = "<group>"; };
		695B8C971C4194B6004DA3A4 /* 16. Properties.playground */ = {isa = PBXFileReference; lastKnownFileType = file.playground; name = "16. Properties.playground"; path = "../../16. Properties.playground"; sourceTree = "<group>"; };
		695B8C981C41950C004DA3A4 /* 17. Initialization.playground */ = {isa = PBXFileReference; lastKnownFileType = file.playground; name = "17. Initialization.playground"; path = "../../17. Initialization.playground"; sourceTree = "<group>"; };
		695B8C991C4195C1004DA3A4 /* 18. Value vs. Ref.playground */ = {isa = PBXFileReference; lastKnownFileType = file.playground; name = "18. Value vs. Ref.playground"; path = "../../18. Value vs. Ref.playground"; sourceTree = "<group>"; };
		695B8C9A1C4195F5004DA3A4 /* 19. Protocols.playground */ = {isa = PBXFileReference; lastKnownFileType = file.playground; name = "19. Protocols.playground"; path = "../../19. Protocols.playground"; sourceTree = "<group>"; };
		695B8C9B1C419663004DA3A4 /* 20. Error Handling.playground */ = {isa = PBXFileReference; lastKnownFileType = file.playground; name = "20. Error Handling.playground"; path = "../../20. Error Handling.playground"; sourceTree = "<group>"; };
		695B8C9C1C41977D004DA3A4 /* 11. Sets.playground */ = {isa = PBXFileReference; lastKnownFileType = file.playground; name = "11. Sets.playground"; path = "../../11. Sets.playground"; sourceTree = "<group>"; };
		695B8C9D1C419818004DA3A4 /* 21. Extensions.playground */ = {isa = PBXFileReference; lastKnownFileType = file.playground; name = "21. Extensions.playground"; path = "../../21. Extensions.playground"; sourceTree = "<group>"; };
		695B8C9E1C419833004DA3A4 /* 22. Generics.playground */ = {isa = PBXFileReference; lastKnownFileType = file.playground; name = "22. Generics.playground"; path = "../../22. Generics.playground"; sourceTree = "<group>"; };
		695B8C9F1C4198B0004DA3A4 /* 23. Protocol Extensions.playground */ = {isa = PBXFileReference; lastKnownFileType = file.playground; name = "23. Protocol Extensions.playground"; path = "../../23. Protocol Extensions.playground"; sourceTree = "<group>"; };
		695B8CA01C41995A004DA3A4 /* 24. Memory & ARC.playground */ = {isa = PBXFileReference; lastKnownFileType = file.playground; name = "24. Memory & ARC.playground"; path = "../../24. Memory & ARC.playground"; sourceTree = "<group>"; };
		695B8CA11C41999C004DA3A4 /* 25. Equitable & Comparable.playground */ = {isa = PBXFileReference; lastKnownFileType = file.playground; name = "25. Equitable & Comparable.playground"; path = "../../25. Equitable & Comparable.playground"; sourceTree = "<group>"; };
/* End PBXFileReference section */

/* Begin PBXFrameworksBuildPhase section */
		695B8C6E1C4185B4004DA3A4 /* Frameworks */ = {
			isa = PBXFrameworksBuildPhase;
			buildActionMask = 2147483647;
			files = (
			);
			runOnlyForDeploymentPostprocessing = 0;
		};
/* End PBXFrameworksBuildPhase section */

/* Begin PBXGroup section */
		695B8C681C4185B4004DA3A4 = {
			isa = PBXGroup;
			children = (
				695B8C731C4185B4004DA3A4 /* BNR Swift */,
				695B8C721C4185B4004DA3A4 /* Products */,
			);
			sourceTree = "<group>";
		};
		695B8C721C4185B4004DA3A4 /* Products */ = {
			isa = PBXGroup;
			children = (
				695B8C711C4185B4004DA3A4 /* BNR Swift */,
			);
			name = Products;
			sourceTree = "<group>";
		};
		695B8C731C4185B4004DA3A4 /* BNR Swift */ = {
			isa = PBXGroup;
			children = (
				695B8C741C4185B4004DA3A4 /* main.swift */,
				695B8C921C419360004DA3A4 /* 1. Getting Started.playground */,
				695B8C8C1C4191CA004DA3A4 /* 2. Types, Constants, Variables.playground */,
				695B8C8D1C4191F8004DA3A4 /* 3. Numbers.playground */,
				695B8C8E1C419291004DA3A4 /* 4. Conditionals.playground */,
				695B8C8F1C4192B2004DA3A4 /* 5. Switch.playground */,
				695B8C901C4192D2004DA3A4 /* 6. Loops.playground */,
				695B8C911C4192F5004DA3A4 /* 7. Strings.playground */,
				695B8C841C41896B004DA3A4 /* 8. Optionals.playground */,
				695B8C851C418A08004DA3A4 /* 9. Arrays.playground */,
				695B8C831C4188D5004DA3A4 /* 10. Dictionaries.playground */,
				695B8C9C1C41977D004DA3A4 /* 11. Sets.playground */,
				695B8C931C419433004DA3A4 /* 12. Functions.playground */,
				695B8C941C41944E004DA3A4 /* 13. Closures.playground */,
				695B8C951C41946F004DA3A4 /* 14. Enumerations.playground */,
				695B8C961C419496004DA3A4 /* 15. Structs & Classes.playground */,
				695B8C971C4194B6004DA3A4 /* 16. Properties.playground */,
				695B8C981C41950C004DA3A4 /* 17. Initialization.playground */,
				695B8C991C4195C1004DA3A4 /* 18. Value vs. Ref.playground */,
				695B8C9A1C4195F5004DA3A4 /* 19. Protocols.playground */,
				695B8C9B1C419663004DA3A4 /* 20. Error Handling.playground */,
				695B8C9D1C419818004DA3A4 /* 21. Extensions.playground */,
				695B8C9E1C419833004DA3A4 /* 22. Generics.playground */,
				695B8C9F1C4198B0004DA3A4 /* 23. Protocol Extensions.playground */,
				695B8CA01C41995A004DA3A4 /* 24. Memory & ARC.playground */,
				695B8CA11C41999C004DA3A4 /* 25. Equitable & Comparable.playground */,
				695B8C871C418A7A004DA3A4 /* Integers.playground */,
				695B8C881C418ACA004DA3A4 /* ATM.playground */,
			);
			path = "BNR Swift";
			sourceTree = "<group>";
		};
/* End PBXGroup section */

/* Begin PBXNativeTarget section */
		695B8C701C4185B4004DA3A4 /* BNR Swift */ = {
			isa = PBXNativeTarget;
			buildConfigurationList = 695B8C781C4185B4004DA3A4 /* Build configuration list for PBXNativeTarget "BNR Swift" */;
			buildPhases = (
				695B8C6D1C4185B4004DA3A4 /* Sources */,
				695B8C6E1C4185B4004DA3A4 /* Frameworks */,
				695B8C6F1C4185B4004DA3A4 /* CopyFiles */,
			);
			buildRules = (
			);
			dependencies = (
			);
			name = "BNR Swift";
			productName = "BNR Swift";
			productReference = 695B8C711C4185B4004DA3A4 /* BNR Swift */;
			productType = "com.apple.product-type.tool";
		};
/* End PBXNativeTarget section */

/* Begin PBXProject section */
		695B8C691C4185B4004DA3A4 /* Project object */ = {
			isa = PBXProject;
			attributes = {
				LastSwiftUpdateCheck = 0710;
				LastUpgradeCheck = 0710;
				ORGANIZATIONNAME = shp;
				TargetAttributes = {
					695B8C701C4185B4004DA3A4 = {
						CreatedOnToolsVersion = 7.1.1;
					};
				};
			};
			buildConfigurationList = 695B8C6C1C4185B4004DA3A4 /* Build configuration list for PBXProject "BNR Swift" */;
			compatibilityVersion = "Xcode 3.2";
			developmentRegion = English;
			hasScannedForEncodings = 0;
			knownRegions = (
				en,
			);
			mainGroup = 695B8C681C4185B4004DA3A4;
			productRefGroup = 695B8C721C4185B4004DA3A4 /* Products */;
			projectDirPath = "";
			projectRoot = "";
			targets = (
				695B8C701C4185B4004DA3A4 /* BNR Swift */,
			);
		};
/* End PBXProject section */

/* Begin PBXSourcesBuildPhase section */
		695B8C6D1C4185B4004DA3A4 /* Sources */ = {
			isa = PBXSourcesBuildPhase;
			buildActionMask = 2147483647;
			files = (
				695B8C751C4185B4004DA3A4 /* main.swift in Sources */,
			);
			runOnlyForDeploymentPostprocessing = 0;
		};
/* End PBXSourcesBuildPhase section */

/* Begin XCBuildConfiguration section */
		695B8C761C4185B4004DA3A4 /* Debug */ = {
			isa = XCBuildConfiguration;
			buildSettings = {
				ALWAYS_SEARCH_USER_PATHS = NO;
				CLANG_CXX_LANGUAGE_STANDARD = "gnu++0x";
				CLANG_CXX_LIBRARY = "libc++";
				CLANG_ENABLE_MODULES = YES;
				CLANG_ENABLE_OBJC_ARC = YES;
				CLANG_WARN_BOOL_CONVERSION = YES;
				CLANG_WARN_CONSTANT_CONVERSION = YES;
				CLANG_WARN_DIRECT_OBJC_ISA_USAGE = YES_ERROR;
				CLANG_WARN_EMPTY_BODY = YES;
				CLANG_WARN_ENUM_CONVERSION = YES;
				CLANG_WARN_INT_CONVERSION = YES;
				CLANG_WARN_OBJC_ROOT_CLASS = YES_ERROR;
				CLANG_WARN_UNREACHABLE_CODE = YES;
				CLANG_WARN__DUPLICATE_METHOD_MATCH = YES;
				CODE_SIGN_IDENTITY = "-";
				COPY_PHASE_STRIP = NO;
				DEBUG_INFORMATION_FORMAT = dwarf;
				ENABLE_STRICT_OBJC_MSGSEND = YES;
				ENABLE_TESTABILITY = YES;
				GCC_C_LANGUAGE_STANDARD = gnu99;
				GCC_DYNAMIC_NO_PIC = NO;
				GCC_NO_COMMON_BLOCKS = YES;
				GCC_OPTIMIZATION_LEVEL = 0;
				GCC_PREPROCESSOR_DEFINITIONS = (
					"DEBUG=1",
					"$(inherited)",
				);
				GCC_WARN_64_TO_32_BIT_CONVERSION = YES;
				GCC_WARN_ABOUT_RETURN_TYPE = YES_ERROR;
				GCC_WARN_UNDECLARED_SELECTOR = YES;
				GCC_WARN_UNINITIALIZED_AUTOS = YES_AGGRESSIVE;
				GCC_WARN_UNUSED_FUNCTION = YES;
				GCC_WARN_UNUSED_VARIABLE = YES;
				MACOSX_DEPLOYMENT_TARGET = 10.11;
				MTL_ENABLE_DEBUG_INFO = YES;
				ONLY_ACTIVE_ARCH = YES;
				SDKROOT = macosx;
				SWIFT_OPTIMIZATION_LEVEL = "-Onone";
			};
			name = Debug;
		};
		695B8C771C4185B4004DA3A4 /* Release */ = {
			isa = XCBuildConfiguration;
			buildSettings = {
				ALWAYS_SEARCH_USER_PATHS = NO;
				CLANG_CXX_LANGUAGE_STANDARD = "gnu++0x";
				CLANG_CXX_LIBRARY = "libc++";
				CLANG_ENABLE_MODULES = YES;
				CLANG_ENABLE_OBJC_ARC = YES;
				CLANG_WARN_BOOL_CONVERSION = YES;
				CLANG_WARN_CONSTANT_CONVERSION = YES;
				CLANG_WARN_DIRECT_OBJC_ISA_USAGE = YES_ERROR;
				CLANG_WARN_EMPTY_BODY = YES;
				CLANG_WARN_ENUM_CONVERSION = YES;
				CLANG_WARN_INT_CONVERSION = YES;
				CLANG_WARN_OBJC_ROOT_CLASS = YES_ERROR;
				CLANG_WARN_UNREACHABLE_CODE = YES;
				CLANG_WARN__DUPLICATE_METHOD_MATCH = YES;
				CODE_SIGN_IDENTITY = "-";
				COPY_PHASE_STRIP = NO;
				DEBUG_INFORMATION_FORMAT = "dwarf-with-dsym";
				ENABLE_NS_ASSERTIONS = NO;
				ENABLE_STRICT_OBJC_MSGSEND = YES;
				GCC_C_LANGUAGE_STANDARD = gnu99;
				GCC_NO_COMMON_BLOCKS = YES;
				GCC_WARN_64_TO_32_BIT_CONVERSION = YES;
				GCC_WARN_ABOUT_RETURN_TYPE = YES_ERROR;
				GCC_WARN_UNDECLARED_SELECTOR = YES;
				GCC_WARN_UNINITIALIZED_AUTOS = YES_AGGRESSIVE;
				GCC_WARN_UNUSED_FUNCTION = YES;
				GCC_WARN_UNUSED_VARIABLE = YES;
				MACOSX_DEPLOYMENT_TARGET = 10.11;
				MTL_ENABLE_DEBUG_INFO = NO;
				SDKROOT = macosx;
			};
			name = Release;
		};
		695B8C791C4185B4004DA3A4 /* Debug */ = {
			isa = XCBuildConfiguration;
			buildSettings = {
				PRODUCT_NAME = "$(TARGET_NAME)";
			};
			name = Debug;
		};
		695B8C7A1C4185B4004DA3A4 /* Release */ = {
			isa = XCBuildConfiguration;
			buildSettings = {
				PRODUCT_NAME = "$(TARGET_NAME)";
			};
			name = Release;
		};
/* End XCBuildConfiguration section */

/* Begin XCConfigurationList section */
		695B8C6C1C4185B4004DA3A4 /* Build configuration list for PBXProject "BNR Swift" */ = {
			isa = XCConfigurationList;
			buildConfigurations = (
				695B8C761C4185B4004DA3A4 /* Debug */,
				695B8C771C4185B4004DA3A4 /* Release */,
			);
			defaultConfigurationIsVisible = 0;
			defaultConfigurationName = Release;
		};
		695B8C781C4185B4004DA3A4 /* Build configuration list for PBXNativeTarget "BNR Swift" */ = {
			isa = XCConfigurationList;
			buildConfigurations = (
				695B8C791C4185B4004DA3A4 /* Debug */,
				695B8C7A1C4185B4004DA3A4 /* Release */,
			);
			defaultConfigurationIsVisible = 0;
		};
/* End XCConfigurationList section */
	};
	rootObject = 695B8C691C4185B4004DA3A4 /* Project object */;
}
